{
    "_readme": [
        "This file locks the dependencies of your project to a known state",
        "Read more about it at https://getcomposer.org/doc/01-basic-usage.md#composer-lock-the-lock-file",
        "This file is @generated automatically"
    ],
    "content-hash": "463b2ff32e6be4a1bda19bd83580e267",
    "packages": [
        {
            "name": "jacobkiers/oauth",
            "version": "1.0.12",
            "source": {
                "type": "git",
                "url": "https://github.com/jacobkiers/OAuth.git",
                "reference": "95477a77107436e67a10e799fad04d82719a5f1e"
            },
            "dist": {
                "type": "zip",
                "url": "https://api.github.com/repos/jacobkiers/OAuth/zipball/95477a77107436e67a10e799fad04d82719a5f1e",
                "reference": "95477a77107436e67a10e799fad04d82719a5f1e",
                "shasum": ""
            },
            "require": {
                "php": ">=5.3.0"
            },
            "require-dev": {
                "mockery/mockery": "*",
                "phpunit/phpunit": "3.7.*@stable",
                "squizlabs/php_codesniffer": "*"
            },
            "type": "library",
            "autoload": {
                "psr-0": {
                    "JacobKiers\\OAuth": "src/"
                }
            },
            "notification-url": "https://packagist.org/downloads/",
            "license": [
                "MIT"
            ],
            "authors": [
                {
                    "name": "Gary Jones",
                    "email": "gary@garyjones.co.uk",
                    "role": "developer"
                },
                {
                    "name": "Alexandre Eher",
                    "role": "Composer packager"
                },
                {
                    "name": "Jacob Kiers",
                    "email": "jacob@alphacomm.nl",
                    "role": "developer"
                },
                {
                    "name": "Andy Smith",
                    "role": "original author"
                }
            ],
            "description": "Based on Andy Smith's basic PHP library for OAuth 1.0a",
            "homepage": "https://github.com/jacobkiers/OAuth",
            "keywords": [
                "oauth"
            ],
            "time": "2015-10-02T13:50:51+00:00"
        }
    ],
    "packages-dev": [],
    "aliases": [],
    "minimum-stability": "dev",
    "stability-flags": [],
    "prefer-stable": false,
    "prefer-lowest": false,
    "platform": [],
    "platform-dev": []
}
